
Microsoft Visual Studio Solution File, Format Version 12.00
# Visual Studio Version 17
VisualStudioVersion = 17.8.34330.188
MinimumVisualStudioVersion = 10.0.40219.1
Project("{9A19103F-16F7-4668-BE54-9A1E7A4F7556}") = "PackagesApi", "PackagesApi\PackagesApi.csproj", "{DEE29AA4-B23F-43B2-9DD9-17D184DDDD34}"
EndProject
Project("{9A19103F-16F7-4668-BE54-9A1E7A4F7556}") = "GPRSClient", "GPRSClient\GPRSClient.csproj", "{53900FBB-6EC8-463C-93DC-80BE4798838C}"
EndProject
Global
	GlobalSection(SolutionConfigurationPlatforms) = preSolution
		Debug|Any CPU = Debug|Any CPU
		Release|Any CPU = Release|Any CPU
	EndGlobalSection
	GlobalSection(ProjectConfigurationPlatforms) = postSolution
		{DEE29AA4-B23F-43B2-9DD9-17D184DDDD34}.Debug|Any CPU.ActiveCfg = Debug|Any CPU
		{DEE29AA4-B23F-43B2-9DD9-17D184DDDD34}.Debug|Any CPU.Build.0 = Debug|Any CPU
		{DEE29AA4-B23F-43B2-9DD9-17D184DDDD34}.Release|Any CPU.ActiveCfg = Release|Any CPU
		{DEE29AA4-B23F-43B2-9DD9-17D184DDDD34}.Release|Any CPU.Build.0 = Release|Any CPU
		{53900FBB-6EC8-463C-93DC-80BE4798838C}.Debug|Any CPU.ActiveCfg = Debug|Any CPU
		{53900FBB-6EC8-463C-93DC-80BE4798838C}.Debug|Any CPU.Build.0 = Debug|Any CPU
		{53900FBB-6EC8-463C-93DC-80BE4798838C}.Release|Any CPU.ActiveCfg = Release|Any CPU
		{53900FBB-6EC8-463C-93DC-80BE4798838C}.Release|Any CPU.Build.0 = Release|Any CPU
	EndGlobalSection
	GlobalSection(SolutionProperties) = preSolution
		HideSolutionNode = FALSE
	EndGlobalSection
	GlobalSection(ExtensibilityGlobals) = postSolution
		SolutionGuid = {9832E1A2-616F-43EA-84B5-8498DE27BE66}
	EndGlobalSection
EndGlobal
